
Microsoft Visual Studio Solution File, Format Version 12.00
# Visual Studio 2012
VisualStudioVersion = 12.0.30501.0
MinimumVisualStudioVersion = 10.0.40219.1
Project("{FAE04EC0-301F-11D3-BF4B-00C04F79EFBC}") = "AspMailList.Web", "AspMailList\AspMailList.Web.csproj", "{05C4D433-B758-45FE-B741-5DB0F00E6444}"
EndProject
Project("{FAE04EC0-301F-11D3-BF4B-00C04F79EFBC}") = "AspMailList.library", "AspMailList.library\AspMailList.library.csproj", "{0BD9E7AC-AD7C-4DDD-8D76-D314DF7324F6}"
EndProject
Project("{FAE04EC0-301F-11D3-BF4B-00C04F79EFBC}") = "AspMailList.Service", "AspMailListService\AspMailList.Service.csproj", "{190846DE-B94F-459D-8CDA-1E83C8150E63}"
EndProject
Global
	GlobalSection(SolutionConfigurationPlatforms) = preSolution
		Debug|Any CPU = Debug|Any CPU
		Release|Any CPU = Release|Any CPU
	EndGlobalSection
	GlobalSection(ProjectConfigurationPlatforms) = postSolution
		{05C4D433-B758-45FE-B741-5DB0F00E6444}.Debug|Any CPU.ActiveCfg = Debug|Any CPU
		{05C4D433-B758-45FE-B741-5DB0F00E6444}.Debug|Any CPU.Build.0 = Debug|Any CPU
		{05C4D433-B758-45FE-B741-5DB0F00E6444}.Release|Any CPU.ActiveCfg = Release|Any CPU
		{05C4D433-B758-45FE-B741-5DB0F00E6444}.Release|Any CPU.Build.0 = Release|Any CPU
		{0BD9E7AC-AD7C-4DDD-8D76-D314DF7324F6}.Debug|Any CPU.ActiveCfg = Debug|Any CPU
		{0BD9E7AC-AD7C-4DDD-8D76-D314DF7324F6}.Debug|Any CPU.Build.0 = Debug|Any CPU
		{0BD9E7AC-AD7C-4DDD-8D76-D314DF7324F6}.Release|Any CPU.ActiveCfg = Release|Any CPU
		{0BD9E7AC-AD7C-4DDD-8D76-D314DF7324F6}.Release|Any CPU.Build.0 = Release|Any CPU
		{190846DE-B94F-459D-8CDA-1E83C8150E63}.Debug|Any CPU.ActiveCfg = Debug|Any CPU
		{190846DE-B94F-459D-8CDA-1E83C8150E63}.Debug|Any CPU.Build.0 = Debug|Any CPU
		{190846DE-B94F-459D-8CDA-1E83C8150E63}.Release|Any CPU.ActiveCfg = Release|Any CPU
		{190846DE-B94F-459D-8CDA-1E83C8150E63}.Release|Any CPU.Build.0 = Release|Any CPU
	EndGlobalSection
	GlobalSection(MonoDevelopProperties) = preSolution
		StartupItem = AspMailListService\AspMailList.Service.csproj
	EndGlobalSection
	GlobalSection(TeamFoundationVersionControl) = preSolution
		SccNumberOfProjects = 4
		SccEnterpriseProvider = {4CA58AB2-18FA-4F8D-95D4-32DDF27D184C}
		SccTeamFoundationServer = https://tfs.codeplex.com/tfs/tfs16
		SccLocalPath0 = .
		SccProjectUniqueName1 = AspMailList.library\\AspMailList.library.csproj
		SccProjectName1 = AspMailList.library
		SccLocalPath1 = AspMailList.library
		SccProjectUniqueName2 = AspMailList\\AspMailList.Web.csproj
		SccProjectName2 = AspMailList
		SccLocalPath2 = AspMailList
		SccProjectUniqueName3 = AspMailListService\\AspMailList.Service.csproj
		SccProjectName3 = AspMailListService
		SccLocalPath3 = AspMailListService
	EndGlobalSection
	GlobalSection(SolutionProperties) = preSolution
		HideSolutionNode = FALSE
	EndGlobalSection
EndGlobal
